// !$*UTF8*$!
{
	archiveVersion = 1;
	classes = {
	};
	objectVersion = 56;
	objects = {

/* Begin PBXBuildFile section */
		3A0B6AB629FE592B007DAFB0 /* EventView.swift in Sources */ = {isa = PBXBuildFile; fileRef = 3A0B6AB529FE592B007DAFB0 /* EventView.swift */; };
		3A0B6AB829FE5AAA007DAFB0 /* ArtistView.swift in Sources */ = {isa = PBXBuildFile; fileRef = 3A0B6AB729FE5AAA007DAFB0 /* ArtistView.swift */; };
		3A0B6ABA29FE5AB9007DAFB0 /* VenueView.swift in Sources */ = {isa = PBXBuildFile; fileRef = 3A0B6AB929FE5AB9007DAFB0 /* VenueView.swift */; };
		3A0B6ABC29FF5FD8007DAFB0 /* ResultView.swift in Sources */ = {isa = PBXBuildFile; fileRef = 3A0B6ABB29FF5FD8007DAFB0 /* ResultView.swift */; };
		3A2347A329FFA84800D86E9F /* Kingfisher in Frameworks */ = {isa = PBXBuildFile; productRef = 3A2347A229FFA84800D86E9F /* Kingfisher */; };
		3A8442182A030882006A6957 /* FavouritesView.swift in Sources */ = {isa = PBXBuildFile; fileRef = 3A8442172A030882006A6957 /* FavouritesView.swift */; };
		3AA64A9329E8D79200A7B7AB /* Event_FinderApp.swift in Sources */ = {isa = PBXBuildFile; fileRef = 3AA64A9229E8D79200A7B7AB /* Event_FinderApp.swift */; };
		3AA64A9529E8D79200A7B7AB /* ContentView.swift in Sources */ = {isa = PBXBuildFile; fileRef = 3AA64A9429E8D79200A7B7AB /* ContentView.swift */; };
		3AA64A9729E8D79400A7B7AB /* Assets.xcassets in Resources */ = {isa = PBXBuildFile; fileRef = 3AA64A9629E8D79400A7B7AB /* Assets.xcassets */; };
		3AA64A9A29E8D79400A7B7AB /* Preview Assets.xcassets in Resources */ = {isa = PBXBuildFile; fileRef = 3AA64A9929E8D79400A7B7AB /* Preview Assets.xcassets */; };
		3AA64AA429E8D79400A7B7AB /* Event_FinderTests.swift in Sources */ = {isa = PBXBuildFile; fileRef = 3AA64AA329E8D79400A7B7AB /* Event_FinderTests.swift */; };
		3AA64AAE29E8D79400A7B7AB /* Event_FinderUITests.swift in Sources */ = {isa = PBXBuildFile; fileRef = 3AA64AAD29E8D79400A7B7AB /* Event_FinderUITests.swift */; };
		3AA64AB029E8D79400A7B7AB /* Event_FinderUITestsLaunchTests.swift in Sources */ = {isa = PBXBuildFile; fileRef = 3AA64AAF29E8D79400A7B7AB /* Event_FinderUITestsLaunchTests.swift */; };
		3AA64ABE29ECAEC900A7B7AB /* Alamofire in Frameworks */ = {isa = PBXBuildFile; productRef = 3AA64ABD29ECAEC900A7B7AB /* Alamofire */; };
/* End PBXBuildFile section */

/* Begin PBXContainerItemProxy section */
		3AA64AA029E8D79400A7B7AB /* PBXContainerItemProxy */ = {
			isa = PBXContainerItemProxy;
			containerPortal = 3AA64A8729E8D79200A7B7AB /* Project object */;
			proxyType = 1;
			remoteGlobalIDString = 3AA64A8E29E8D79200A7B7AB;
			remoteInfo = "Event Finder";
		};
		3AA64AAA29E8D79400A7B7AB /* PBXContainerItemProxy */ = {
			isa = PBXContainerItemProxy;
			containerPortal = 3AA64A8729E8D79200A7B7AB /* Project object */;
			proxyType = 1;
			remoteGlobalIDString = 3AA64A8E29E8D79200A7B7AB;
			remoteInfo = "Event Finder";
		};
/* End PBXContainerItemProxy section */

/* Begin PBXFileReference section */
		3A0B6AB529FE592B007DAFB0 /* EventView.swift */ = {isa = PBXFileReference; lastKnownFileType = sourcecode.swift; path = EventView.swift; sourceTree = "<group>"; };
		3A0B6AB729FE5AAA007DAFB0 /* ArtistView.swift */ = {isa = PBXFileReference; lastKnownFileType = sourcecode.swift; path = ArtistView.swift; sourceTree = "<group>"; };
		3A0B6AB929FE5AB9007DAFB0 /* VenueView.swift */ = {isa = PBXFileReference; lastKnownFileType = sourcecode.swift; path = VenueView.swift; sourceTree = "<group>"; };
		3A0B6ABB29FF5FD8007DAFB0 /* ResultView.swift */ = {isa = PBXFileReference; lastKnownFileType = sourcecode.swift; path = ResultView.swift; sourceTree = "<group>"; };
		3A559C7129EFABB2009C429D /* Event-Finder-Info.plist */ = {isa = PBXFileReference; lastKnownFileType = text.plist; path = "Event-Finder-Info.plist"; sourceTree = SOURCE_ROOT; };
		3A8442172A030882006A6957 /* FavouritesView.swift */ = {isa = PBXFileReference; lastKnownFileType = sourcecode.swift; path = FavouritesView.swift; sourceTree = "<group>"; };
		3AA64A8F29E8D79200A7B7AB /* Event Finder.app */ = {isa = PBXFileReference; explicitFileType = wrapper.application; includeInIndex = 0; path = "Event Finder.app"; sourceTree = BUILT_PRODUCTS_DIR; };
		3AA64A9229E8D79200A7B7AB /* Event_FinderApp.swift */ = {isa = PBXFileReference; lastKnownFileType = sourcecode.swift; path = Event_FinderApp.swift; sourceTree = "<group>"; };
		3AA64A9429E8D79200A7B7AB /* ContentView.swift */ = {isa = PBXFileReference; lastKnownFileType = sourcecode.swift; path = ContentView.swift; sourceTree = "<group>"; };
		3AA64A9629E8D79400A7B7AB /* Assets.xcassets */ = {isa = PBXFileReference; lastKnownFileType = folder.assetcatalog; path = Assets.xcassets; sourceTree = "<group>"; };
		3AA64A9929E8D79400A7B7AB /* Preview Assets.xcassets */ = {isa = PBXFileReference; lastKnownFileType = folder.assetcatalog; path = "Preview Assets.xcassets"; sourceTree = "<group>"; };
		3AA64A9F29E8D79400A7B7AB /* Event FinderTests.xctest */ = {isa = PBXFileReference; explicitFileType = wrapper.cfbundle; includeInIndex = 0; path = "Event FinderTests.xctest"; sourceTree = BUILT_PRODUCTS_DIR; };
		3AA64AA329E8D79400A7B7AB /* Event_FinderTests.swift */ = {isa = PBXFileReference; lastKnownFileType = sourcecode.swift; path = Event_FinderTests.swift; sourceTree = "<group>"; };
		3AA64AA929E8D79400A7B7AB /* Event FinderUITests.xctest */ = {isa = PBXFileReference; explicitFileType = wrapper.cfbundle; includeInIndex = 0; path = "Event FinderUITests.xctest"; sourceTree = BUILT_PRODUCTS_DIR; };
		3AA64AAD29E8D79400A7B7AB /* Event_FinderUITests.swift */ = {isa = PBXFileReference; lastKnownFileType = sourcecode.swift; path = Event_FinderUITests.swift; sourceTree = "<group>"; };
		3AA64AAF29E8D79400A7B7AB /* Event_FinderUITestsLaunchTests.swift */ = {isa = PBXFileReference; lastKnownFileType = sourcecode.swift; path = Event_FinderUITestsLaunchTests.swift; sourceTree = "<group>"; };
/* End PBXFileReference section */

/* Begin PBXFrameworksBuildPhase section */
		3AA64A8C29E8D79200A7B7AB /* Frameworks */ = {
			isa = PBXFrameworksBuildPhase;
			buildActionMask = 2147483647;
			files = (
				3A2347A329FFA84800D86E9F /* Kingfisher in Frameworks */,
				3AA64ABE29ECAEC900A7B7AB /* Alamofire in Frameworks */,
			);
			runOnlyForDeploymentPostprocessing = 0;
		};
		3AA64A9C29E8D79400A7B7AB /* Frameworks */ = {
			isa = PBXFrameworksBuildPhase;
			buildActionMask = 2147483647;
			files = (
			);
			runOnlyForDeploymentPostprocessing = 0;
		};
		3AA64AA629E8D79400A7B7AB /* Frameworks */ = {
			isa = PBXFrameworksBuildPhase;
			buildActionMask = 2147483647;
			files = (
			);
			runOnlyForDeploymentPostprocessing = 0;
		};
/* End PBXFrameworksBuildPhase section */

/* Begin PBXGroup section */
		3AA64A8629E8D79200A7B7AB = {
			isa = PBXGroup;
			children = (
				3AA64A9129E8D79200A7B7AB /* Event Finder */,
				3AA64AA229E8D79400A7B7AB /* Event FinderTests */,
				3AA64AAC29E8D79400A7B7AB /* Event FinderUITests */,
				3AA64A9029E8D79200A7B7AB /* Products */,
			);
			sourceTree = "<group>";
		};
		3AA64A9029E8D79200A7B7AB /* Products */ = {
			isa = PBXGroup;
			children = (
				3AA64A8F29E8D79200A7B7AB /* Event Finder.app */,
				3AA64A9F29E8D79400A7B7AB /* Event FinderTests.xctest */,
				3AA64AA929E8D79400A7B7AB /* Event FinderUITests.xctest */,
			);
			name = Products;
			sourceTree = "<group>";
		};
		3AA64A9129E8D79200A7B7AB /* Event Finder */ = {
			isa = PBXGroup;
			children = (
				3A559C7129EFABB2009C429D /* Event-Finder-Info.plist */,
				3AA64A9229E8D79200A7B7AB /* Event_FinderApp.swift */,
				3AA64A9429E8D79200A7B7AB /* ContentView.swift */,
				3AA64A9629E8D79400A7B7AB /* Assets.xcassets */,
				3AA64A9829E8D79400A7B7AB /* Preview Content */,
				3A0B6AB529FE592B007DAFB0 /* EventView.swift */,
				3A0B6AB729FE5AAA007DAFB0 /* ArtistView.swift */,
				3A0B6AB929FE5AB9007DAFB0 /* VenueView.swift */,
				3A0B6ABB29FF5FD8007DAFB0 /* ResultView.swift */,
				3A8442172A030882006A6957 /* FavouritesView.swift */,
			);
			path = "Event Finder";
			sourceTree = "<group>";
		};
		3AA64A9829E8D79400A7B7AB /* Preview Content */ = {
			isa = PBXGroup;
			children = (
				3AA64A9929E8D79400A7B7AB /* Preview Assets.xcassets */,
			);
			path = "Preview Content";
			sourceTree = "<group>";
		};
		3AA64AA229E8D79400A7B7AB /* Event FinderTests */ = {
			isa = PBXGroup;
			children = (
				3AA64AA329E8D79400A7B7AB /* Event_FinderTests.swift */,
			);
			path = "Event FinderTests";
			sourceTree = "<group>";
		};
		3AA64AAC29E8D79400A7B7AB /* Event FinderUITests */ = {
			isa = PBXGroup;
			children = (
				3AA64AAD29E8D79400A7B7AB /* Event_FinderUITests.swift */,
				3AA64AAF29E8D79400A7B7AB /* Event_FinderUITestsLaunchTests.swift */,
			);
			path = "Event FinderUITests";
			sourceTree = "<group>";
		};
/* End PBXGroup section */

/* Begin PBXNativeTarget section */
		3AA64A8E29E8D79200A7B7AB /* Event Finder */ = {
			isa = PBXNativeTarget;
			buildConfigurationList = 3AA64AB329E8D79400A7B7AB /* Build configuration list for PBXNativeTarget "Event Finder" */;
			buildPhases = (
				3AA64A8B29E8D79200A7B7AB /* Sources */,
				3AA64A8C29E8D79200A7B7AB /* Frameworks */,
				3AA64A8D29E8D79200A7B7AB /* Resources */,
			);
			buildRules = (
			);
			dependencies = (
			);
			name = "Event Finder";
			packageProductDependencies = (
				3AA64ABD29ECAEC900A7B7AB /* Alamofire */,
				3A2347A229FFA84800D86E9F /* Kingfisher */,
			);
			productName = "Event Finder";
			productReference = 3AA64A8F29E8D79200A7B7AB /* Event Finder.app */;
			productType = "com.apple.product-type.application";
		};
		3AA64A9E29E8D79400A7B7AB /* Event FinderTests */ = {
			isa = PBXNativeTarget;
			buildConfigurationList = 3AA64AB629E8D79400A7B7AB /* Build configuration list for PBXNativeTarget "Event FinderTests" */;
			buildPhases = (
				3AA64A9B29E8D79400A7B7AB /* Sources */,
				3AA64A9C29E8D79400A7B7AB /* Frameworks */,
				3AA64A9D29E8D79400A7B7AB /* Resources */,
			);
			buildRules = (
			);
			dependencies = (
				3AA64AA129E8D79400A7B7AB /* PBXTargetDependency */,
			);
			name = "Event FinderTests";
			productName = "Event FinderTests";
			productReference = 3AA64A9F29E8D79400A7B7AB /* Event FinderTests.xctest */;
			productType = "com.apple.product-type.bundle.unit-test";
		};
		3AA64AA829E8D79400A7B7AB /* Event FinderUITests */ = {
			isa = PBXNativeTarget;
			buildConfigurationList = 3AA64AB929E8D79400A7B7AB /* Build configuration list for PBXNativeTarget "Event FinderUITests" */;
			buildPhases = (
				3AA64AA529E8D79400A7B7AB /* Sources */,
				3AA64AA629E8D79400A7B7AB /* Frameworks */,
				3AA64AA729E8D79400A7B7AB /* Resources */,
			);
			buildRules = (
			);
			dependencies = (
				3AA64AAB29E8D79400A7B7AB /* PBXTargetDependency */,
			);
			name = "Event FinderUITests";
			productName = "Event FinderUITests";
			productReference = 3AA64AA929E8D79400A7B7AB /* Event FinderUITests.xctest */;
			productType = "com.apple.product-type.bundle.ui-testing";
		};
/* End PBXNativeTarget section */

/* Begin PBXProject section */
		3AA64A8729E8D79200A7B7AB /* Project object */ = {
			isa = PBXProject;
			attributes = {
				BuildIndependentTargetsInParallel = 1;
				LastSwiftUpdateCheck = 1430;
				LastUpgradeCheck = 1430;
				TargetAttributes = {
					3AA64A8E29E8D79200A7B7AB = {
						CreatedOnToolsVersion = 14.3;
					};
					3AA64A9E29E8D79400A7B7AB = {
						CreatedOnToolsVersion = 14.3;
						TestTargetID = 3AA64A8E29E8D79200A7B7AB;
					};
					3AA64AA829E8D79400A7B7AB = {
						CreatedOnToolsVersion = 14.3;
						TestTargetID = 3AA64A8E29E8D79200A7B7AB;
					};
				};
			};
			buildConfigurationList = 3AA64A8A29E8D79200A7B7AB /* Build configuration list for PBXProject "Event Finder" */;
			compatibilityVersion = "Xcode 14.0";
			developmentRegion = en;
			hasScannedForEncodings = 0;
			knownRegions = (
				en,
				Base,
			);
			mainGroup = 3AA64A8629E8D79200A7B7AB;
			packageReferences = (
				3AA64ABC29ECAEC900A7B7AB /* XCRemoteSwiftPackageReference "Alamofire" */,
				3A2347A129FFA84800D86E9F /* XCRemoteSwiftPackageReference "Kingfisher" */,
			);
			productRefGroup = 3AA64A9029E8D79200A7B7AB /* Products */;
			projectDirPath = "";
			projectRoot = "";
			targets = (
				3AA64A8E29E8D79200A7B7AB /* Event Finder */,
				3AA64A9E29E8D79400A7B7AB /* Event FinderTests */,
				3AA64AA829E8D79400A7B7AB /* Event FinderUITests */,
			);
		};
/* End PBXProject section */

/* Begin PBXResourcesBuildPhase section */
		3AA64A8D29E8D79200A7B7AB /* Resources */ = {
			isa = PBXResourcesBuildPhase;
			buildActionMask = 2147483647;
			files = (
				3AA64A9A29E8D79400A7B7AB /* Preview Assets.xcassets in Resources */,
				3AA64A9729E8D79400A7B7AB /* Assets.xcassets in Resources */,
			);
			runOnlyForDeploymentPostprocessing = 0;
		};
		3AA64A9D29E8D79400A7B7AB /* Resources */ = {
			isa = PBXResourcesBuildPhase;
			buildActionMask = 2147483647;
			files = (
			);
			runOnlyForDeploymentPostprocessing = 0;
		};
		3AA64AA729E8D79400A7B7AB /* Resources */ = {
			isa = PBXResourcesBuildPhase;
			buildActionMask = 2147483647;
			files = (
			);
			runOnlyForDeploymentPostprocessing = 0;
		};
/* End PBXResourcesBuildPhase section */

/* Begin PBXSourcesBuildPhase section */
		3AA64A8B29E8D79200A7B7AB /* Sources */ = {
			isa = PBXSourcesBuildPhase;
			buildActionMask = 2147483647;
			files = (
				3A0B6AB629FE592B007DAFB0 /* EventView.swift in Sources */,
				3A8442182A030882006A6957 /* FavouritesView.swift in Sources */,
				3A0B6ABA29FE5AB9007DAFB0 /* VenueView.swift in Sources */,
				3A0B6AB829FE5AAA007DAFB0 /* ArtistView.swift in Sources */,
				3AA64A9529E8D79200A7B7AB /* ContentView.swift in Sources */,
				3AA64A9329E8D79200A7B7AB /* Event_FinderApp.swift in Sources */,
				3A0B6ABC29FF5FD8007DAFB0 /* ResultView.swift in Sources */,
			);
			runOnlyForDeploymentPostprocessing = 0;
		};
		3AA64A9B29E8D79400A7B7AB /* Sources */ = {
			isa = PBXSourcesBuildPhase;
			buildActionMask = 2147483647;
			files = (
				3AA64AA429E8D79400A7B7AB /* Event_FinderTests.swift in Sources */,
			);
			runOnlyForDeploymentPostprocessing = 0;
		};
		3AA64AA529E8D79400A7B7AB /* Sources */ = {
			isa = PBXSourcesBuildPhase;
			buildActionMask = 2147483647;
			files = (
				3AA64AAE29E8D79400A7B7AB /* Event_FinderUITests.swift in Sources */,
				3AA64AB029E8D79400A7B7AB /* Event_FinderUITestsLaunchTests.swift in Sources */,
			);
			runOnlyForDeploymentPostprocessing = 0;
		};
/* End PBXSourcesBuildPhase section */

/* Begin PBXTargetDependency section */
		3AA64AA129E8D79400A7B7AB /* PBXTargetDependency */ = {
			isa = PBXTargetDependency;
			target = 3AA64A8E29E8D79200A7B7AB /* Event Finder */;
			targetProxy = 3AA64AA029E8D79400A7B7AB /* PBXContainerItemProxy */;
		};
		3AA64AAB29E8D79400A7B7AB /* PBXTargetDependency */ = {
			isa = PBXTargetDependency;
			target = 3AA64A8E29E8D79200A7B7AB /* Event Finder */;
			targetProxy = 3AA64AAA29E8D79400A7B7AB /* PBXContainerItemProxy */;
		};
/* End PBXTargetDependency section */

/* Begin XCBuildConfiguration section */
		3AA64AB129E8D79400A7B7AB /* Debug */ = {
			isa = XCBuildConfiguration;
			buildSettings = {
				ALWAYS_SEARCH_USER_PATHS = NO;
				CLANG_ANALYZER_NONNULL = YES;
				CLANG_ANALYZER_NUMBER_OBJECT_CONVERSION = YES_AGGRESSIVE;
				CLANG_CXX_LANGUAGE_STANDARD = "gnu++20";
				CLANG_ENABLE_MODULES = YES;
				CLANG_ENABLE_OBJC_ARC = YES;
				CLANG_ENABLE_OBJC_WEAK = YES;
				CLANG_WARN_BLOCK_CAPTURE_AUTORELEASING = YES;
				CLANG_WARN_BOOL_CONVERSION = YES;
				CLANG_WARN_COMMA = YES;
				CLANG_WARN_CONSTANT_CONVERSION = YES;
				CLANG_WARN_DEPRECATED_OBJC_IMPLEMENTATIONS = YES;
				CLANG_WARN_DIRECT_OBJC_ISA_USAGE = YES_ERROR;
				CLANG_WARN_DOCUMENTATION_COMMENTS = YES;
				CLANG_WARN_EMPTY_BODY = YES;
				CLANG_WARN_ENUM_CONVERSION = YES;
				CLANG_WARN_INFINITE_RECURSION = YES;
				CLANG_WARN_INT_CONVERSION = YES;
				CLANG_WARN_NON_LITERAL_NULL_CONVERSION = YES;
				CLANG_WARN_OBJC_IMPLICIT_RETAIN_SELF = YES;
				CLANG_WARN_OBJC_LITERAL_CONVERSION = YES;
				CLANG_WARN_OBJC_ROOT_CLASS = YES_ERROR;
				CLANG_WARN_QUOTED_INCLUDE_IN_FRAMEWORK_HEADER = YES;
				CLANG_WARN_RANGE_LOOP_ANALYSIS = YES;
				CLANG_WARN_STRICT_PROTOTYPES = YES;
				CLANG_WARN_SUSPICIOUS_MOVE = YES;
				CLANG_WARN_UNGUARDED_AVAILABILITY = YES_AGGRESSIVE;
				CLANG_WARN_UNREACHABLE_CODE = YES;
				CLANG_WARN__DUPLICATE_METHOD_MATCH = YES;
				COPY_PHASE_STRIP = NO;
				DEBUG_INFORMATION_FORMAT = dwarf;
				ENABLE_STRICT_OBJC_MSGSEND = YES;
				ENABLE_TESTABILITY = YES;
				GCC_C_LANGUAGE_STANDARD = gnu11;
				GCC_DYNAMIC_NO_PIC = NO;
				GCC_NO_COMMON_BLOCKS = YES;
				GCC_OPTIMIZATION_LEVEL = 0;
				GCC_PREPROCESSOR_DEFINITIONS = (
					"DEBUG=1",
					"$(inherited)",
				);
				GCC_WARN_64_TO_32_BIT_CONVERSION = YES;
				GCC_WARN_ABOUT_RETURN_TYPE = YES_ERROR;
				GCC_WARN_UNDECLARED_SELECTOR = YES;
				GCC_WARN_UNINITIALIZED_AUTOS = YES_AGGRESSIVE;
				GCC_WARN_UNUSED_FUNCTION = YES;
				GCC_WARN_UNUSED_VARIABLE = YES;
				IPHONEOS_DEPLOYMENT_TARGET = 16.4;
				MTL_ENABLE_DEBUG_INFO = INCLUDE_SOURCE;
				MTL_FAST_MATH = YES;
				ONLY_ACTIVE_ARCH = YES;
				SDKROOT = iphoneos;
				SWIFT_ACTIVE_COMPILATION_CONDITIONS = DEBUG;
				SWIFT_OPTIMIZATION_LEVEL = "-Onone";
			};
			name = Debug;
		};
		3AA64AB229E8D79400A7B7AB /* Release */ = {
			isa = XCBuildConfiguration;
			buildSettings = {
				ALWAYS_SEARCH_USER_PATHS = NO;
				CLANG_ANALYZER_NONNULL = YES;
				CLANG_ANALYZER_NUMBER_OBJECT_CONVERSION = YES_AGGRESSIVE;
				CLANG_CXX_LANGUAGE_STANDARD = "gnu++20";
				CLANG_ENABLE_MODULES = YES;
				CLANG_ENABLE_OBJC_ARC = YES;
				CLANG_ENABLE_OBJC_WEAK = YES;
				CLANG_WARN_BLOCK_CAPTURE_AUTORELEASING = YES;
				CLANG_WARN_BOOL_CONVERSION = YES;
				CLANG_WARN_COMMA = YES;
				CLANG_WARN_CONSTANT_CONVERSION = YES;
				CLANG_WARN_DEPRECATED_OBJC_IMPLEMENTATIONS = YES;
				CLANG_WARN_DIRECT_OBJC_ISA_USAGE = YES_ERROR;
				CLANG_WARN_DOCUMENTATION_COMMENTS = YES;
				CLANG_WARN_EMPTY_BODY = YES;
				CLANG_WARN_ENUM_CONVERSION = YES;
				CLANG_WARN_INFINITE_RECURSION = YES;
				CLANG_WARN_INT_CONVERSION = YES;
				CLANG_WARN_NON_LITERAL_NULL_CONVERSION = YES;
				CLANG_WARN_OBJC_IMPLICIT_RETAIN_SELF = YES;
				CLANG_WARN_OBJC_LITERAL_CONVERSION = YES;
				CLANG_WARN_OBJC_ROOT_CLASS = YES_ERROR;
				CLANG_WARN_QUOTED_INCLUDE_IN_FRAMEWORK_HEADER = YES;
				CLANG_WARN_RANGE_LOOP_ANALYSIS = YES;
				CLANG_WARN_STRICT_PROTOTYPES = YES;
				CLANG_WARN_SUSPICIOUS_MOVE = YES;
				CLANG_WARN_UNGUARDED_AVAILABILITY = YES_AGGRESSIVE;
				CLANG_WARN_UNREACHABLE_CODE = YES;
				CLANG_WARN__DUPLICATE_METHOD_MATCH = YES;
				COPY_PHASE_STRIP = NO;
				DEBUG_INFORMATION_FORMAT = "dwarf-with-dsym";
				ENABLE_NS_ASSERTIONS = NO;
				ENABLE_STRICT_OBJC_MSGSEND = YES;
				GCC_C_LANGUAGE_STANDARD = gnu11;
				GCC_NO_COMMON_BLOCKS = YES;
				GCC_WARN_64_TO_32_BIT_CONVERSION = YES;
				GCC_WARN_ABOUT_RETURN_TYPE = YES_ERROR;
				GCC_WARN_UNDECLARED_SELECTOR = YES;
				GCC_WARN_UNINITIALIZED_AUTOS = YES_AGGRESSIVE;
				GCC_WARN_UNUSED_FUNCTION = YES;
				GCC_WARN_UNUSED_VARIABLE = YES;
				IPHONEOS_DEPLOYMENT_TARGET = 16.4;
				MTL_ENABLE_DEBUG_INFO = NO;
				MTL_FAST_MATH = YES;
				SDKROOT = iphoneos;
				SWIFT_COMPILATION_MODE = wholemodule;
				SWIFT_OPTIMIZATION_LEVEL = "-O";
				VALIDATE_PRODUCT = YES;
			};
			name = Release;
		};
		3AA64AB429E8D79400A7B7AB /* Debug */ = {
			isa = XCBuildConfiguration;
			buildSettings = {
				ASSETCATALOG_COMPILER_APPICON_NAME = AppIcon;
				ASSETCATALOG_COMPILER_GLOBAL_ACCENT_COLOR_NAME = AccentColor;
				ASSETCATALOG_COMPILER_INCLUDE_ALL_APPICON_ASSETS = YES;
				CODE_SIGN_STYLE = Automatic;
				CURRENT_PROJECT_VERSION = 1;
				DEVELOPMENT_ASSET_PATHS = "\"Event Finder/Preview Content\"";
				DEVELOPMENT_TEAM = 8PFD3G494S;
				ENABLE_PREVIEWS = YES;
				GENERATE_INFOPLIST_FILE = YES;
				INFOPLIST_FILE = "Event-Finder-Info.plist";
				INFOPLIST_KEY_UIApplicationSceneManifest_Generation = YES;
				INFOPLIST_KEY_UIApplicationSupportsIndirectInputEvents = YES;
				INFOPLIST_KEY_UISupportedInterfaceOrientations_iPad = "UIInterfaceOrientationPortrait UIInterfaceOrientationPortraitUpsideDown UIInterfaceOrientationLandscapeLeft UIInterfaceOrientationLandscapeRight";
				INFOPLIST_KEY_UISupportedInterfaceOrientations_iPhone = "UIInterfaceOrientationPortrait UIInterfaceOrientationLandscapeLeft UIInterfaceOrientationLandscapeRight";
				LD_RUNPATH_SEARCH_PATHS = (
					"$(inherited)",
					"@executable_path/Frameworks",
				);
				MARKETING_VERSION = 1.0;
				PRODUCT_BUNDLE_IDENTIFIER = "USC.Event-Finder";
				PRODUCT_NAME = "$(TARGET_NAME)";
				SWIFT_EMIT_LOC_STRINGS = YES;
				SWIFT_VERSION = 5.0;
				TARGETED_DEVICE_FAMILY = "1,2";
			};
			name = Debug;
		};
		3AA64AB529E8D79400A7B7AB /* Release */ = {
			isa = XCBuildConfiguration;
			buildSettings = {
				ASSETCATALOG_COMPILER_APPICON_NAME = AppIcon;
				ASSETCATALOG_COMPILER_GLOBAL_ACCENT_COLOR_NAME = AccentColor;
				ASSETCATALOG_COMPILER_INCLUDE_ALL_APPICON_ASSETS = YES;
				CODE_SIGN_STYLE = Automatic;
				CURRENT_PROJECT_VERSION = 1;
				DEVELOPMENT_ASSET_PATHS = "\"Event Finder/Preview Content\"";
				DEVELOPMENT_TEAM = 8PFD3G494S;
				ENABLE_PREVIEWS = YES;
				GENERATE_INFOPLIST_FILE = YES;
				INFOPLIST_FILE = "Event-Finder-Info.plist";
				INFOPLIST_KEY_UIApplicationSceneManifest_Generation = YES;
				INFOPLIST_KEY_UIApplicationSupportsIndirectInputEvents = YES;
				INFOPLIST_KEY_UISupportedInterfaceOrientations_iPad = "UIInterfaceOrientationPortrait UIInterfaceOrientationPortraitUpsideDown UIInterfaceOrientationLandscapeLeft UIInterfaceOrientationLandscapeRight";
				INFOPLIST_KEY_UISupportedInterfaceOrientations_iPhone = "UIInterfaceOrientationPortrait UIInterfaceOrientationLandscapeLeft UIInterfaceOrientationLandscapeRight";
				LD_RUNPATH_SEARCH_PATHS = (
					"$(inherited)",
					"@executable_path/Frameworks",
				);
				MARKETING_VERSION = 1.0;
				PRODUCT_BUNDLE_IDENTIFIER = "USC.Event-Finder";
				PRODUCT_NAME = "$(TARGET_NAME)";
				SWIFT_EMIT_LOC_STRINGS = YES;
				SWIFT_VERSION = 5.0;
				TARGETED_DEVICE_FAMILY = "1,2";
			};
			name = Release;
		};
		3AA64AB729E8D79400A7B7AB /* Debug */ = {
			isa = XCBuildConfiguration;
			buildSettings = {
				ALWAYS_EMBED_SWIFT_STANDARD_LIBRARIES = YES;
				BUNDLE_LOADER = "$(TEST_HOST)";
				CODE_SIGN_STYLE = Automatic;
				CURRENT_PROJECT_VERSION = 1;
				DEVELOPMENT_TEAM = 8PFD3G494S;
				GENERATE_INFOPLIST_FILE = YES;
				IPHONEOS_DEPLOYMENT_TARGET = 16.4;
				MARKETING_VERSION = 1.0;
				PRODUCT_BUNDLE_IDENTIFIER = "USC.Event-FinderTests";
				PRODUCT_NAME = "$(TARGET_NAME)";
				SWIFT_EMIT_LOC_STRINGS = NO;
				SWIFT_VERSION = 5.0;
				TARGETED_DEVICE_FAMILY = "1,2";
				TEST_HOST = "$(BUILT_PRODUCTS_DIR)/Event Finder.app/$(BUNDLE_EXECUTABLE_FOLDER_PATH)/Event Finder";
			};
			name = Debug;
		};
		3AA64AB829E8D79400A7B7AB /* Release */ = {
			isa = XCBuildConfiguration;
			buildSettings = {
				ALWAYS_EMBED_SWIFT_STANDARD_LIBRARIES = YES;
				BUNDLE_LOADER = "$(TEST_HOST)";
				CODE_SIGN_STYLE = Automatic;
				CURRENT_PROJECT_VERSION = 1;
				DEVELOPMENT_TEAM = 8PFD3G494S;
				GENERATE_INFOPLIST_FILE = YES;
				IPHONEOS_DEPLOYMENT_TARGET = 16.4;
				MARKETING_VERSION = 1.0;
				PRODUCT_BUNDLE_IDENTIFIER = "USC.Event-FinderTests";
				PRODUCT_NAME = "$(TARGET_NAME)";
				SWIFT_EMIT_LOC_STRINGS = NO;
				SWIFT_VERSION = 5.0;
				TARGETED_DEVICE_FAMILY = "1,2";
				TEST_HOST = "$(BUILT_PRODUCTS_DIR)/Event Finder.app/$(BUNDLE_EXECUTABLE_FOLDER_PATH)/Event Finder";
			};
			name = Release;
		};
		3AA64ABA29E8D79400A7B7AB /* Debug */ = {
			isa = XCBuildConfiguration;
			buildSettings = {
				ALWAYS_EMBED_SWIFT_STANDARD_LIBRARIES = YES;
				CODE_SIGN_STYLE = Automatic;
				CURRENT_PROJECT_VERSION = 1;
				DEVELOPMENT_TEAM = 8PFD3G494S;
				GENERATE_INFOPLIST_FILE = YES;
				MARKETING_VERSION = 1.0;
				PRODUCT_BUNDLE_IDENTIFIER = "USC.Event-FinderUITests";
				PRODUCT_NAME = "$(TARGET_NAME)";
				SWIFT_EMIT_LOC_STRINGS = NO;
				SWIFT_VERSION = 5.0;
				TARGETED_DEVICE_FAMILY = "1,2";
				TEST_TARGET_NAME = "Event Finder";
			};
			name = Debug;
		};
		3AA64ABB29E8D79400A7B7AB /* Release */ = {
			isa = XCBuildConfiguration;
			buildSettings = {
				ALWAYS_EMBED_SWIFT_STANDARD_LIBRARIES = YES;
				CODE_SIGN_STYLE = Automatic;
				CURRENT_PROJECT_VERSION = 1;
				DEVELOPMENT_TEAM = 8PFD3G494S;
				GENERATE_INFOPLIST_FILE = YES;
				MARKETING_VERSION = 1.0;
				PRODUCT_BUNDLE_IDENTIFIER = "USC.Event-FinderUITests";
				PRODUCT_NAME = "$(TARGET_NAME)";
				SWIFT_EMIT_LOC_STRINGS = NO;
				SWIFT_VERSION = 5.0;
				TARGETED_DEVICE_FAMILY = "1,2";
				TEST_TARGET_NAME = "Event Finder";
			};
			name = Release;
		};
/* End XCBuildConfiguration section */

/* Begin XCConfigurationList section */
		3AA64A8A29E8D79200A7B7AB /* Build configuration list for PBXProject "Event Finder" */ = {
			isa = XCConfigurationList;
			buildConfigurations = (
				3AA64AB129E8D79400A7B7AB /* Debug */,
				3AA64AB229E8D79400A7B7AB /* Release */,
			);
			defaultConfigurationIsVisible = 0;
			defaultConfigurationName = Release;
		};
		3AA64AB329E8D79400A7B7AB /* Build configuration list for PBXNativeTarget "Event Finder" */ = {
			isa = XCConfigurationList;
			buildConfigurations = (
				3AA64AB429E8D79400A7B7AB /* Debug */,
				3AA64AB529E8D79400A7B7AB /* Release */,
			);
			defaultConfigurationIsVisible = 0;
			defaultConfigurationName = Release;
		};
		3AA64AB629E8D79400A7B7AB /* Build configuration list for PBXNativeTarget "Event FinderTests" */ = {
			isa = XCConfigurationList;
			buildConfigurations = (
				3AA64AB729E8D79400A7B7AB /* Debug */,
				3AA64AB829E8D79400A7B7AB /* Release */,
			);
			defaultConfigurationIsVisible = 0;
			defaultConfigurationName = Release;
		};
		3AA64AB929E8D79400A7B7AB /* Build configuration list for PBXNativeTarget "Event FinderUITests" */ = {
			isa = XCConfigurationList;
			buildConfigurations = (
				3AA64ABA29E8D79400A7B7AB /* Debug */,
				3AA64ABB29E8D79400A7B7AB /* Release */,
			);
			defaultConfigurationIsVisible = 0;
			defaultConfigurationName = Release;
		};
/* End XCConfigurationList section */

/* Begin XCRemoteSwiftPackageReference section */
		3A2347A129FFA84800D86E9F /* XCRemoteSwiftPackageReference "Kingfisher" */ = {
			isa = XCRemoteSwiftPackageReference;
			repositoryURL = "https://github.com/onevcat/Kingfisher.git";
			requirement = {
				kind = upToNextMajorVersion;
				minimumVersion = 7.0.0;
			};
		};
		3AA64ABC29ECAEC900A7B7AB /* XCRemoteSwiftPackageReference "Alamofire" */ = {
			isa = XCRemoteSwiftPackageReference;
			repositoryURL = "https://github.com/Alamofire/Alamofire.git";
			requirement = {
				kind = upToNextMajorVersion;
				minimumVersion = 5.0.0;
			};
		};
/* End XCRemoteSwiftPackageReference section */

/* Begin XCSwiftPackageProductDependency section */
		3A2347A229FFA84800D86E9F /* Kingfisher */ = {
			isa = XCSwiftPackageProductDependency;
			package = 3A2347A129FFA84800D86E9F /* XCRemoteSwiftPackageReference "Kingfisher" */;
			productName = Kingfisher;
		};
		3AA64ABD29ECAEC900A7B7AB /* Alamofire */ = {
			isa = XCSwiftPackageProductDependency;
			package = 3AA64ABC29ECAEC900A7B7AB /* XCRemoteSwiftPackageReference "Alamofire" */;
			productName = Alamofire;
		};
/* End XCSwiftPackageProductDependency section */
	};
	rootObject = 3AA64A8729E8D79200A7B7AB /* Project object */;
}
